// !$*UTF8*$!
{
	archiveVersion = 1;
	classes = {
	};
	objectVersion = 56;
	objects = {

/* Begin PBXBuildFile section */
		06DDE4902965EF5A0016B3B3 /* H4XOR_NewsApp.swift in Sources */ = {isa = PBXBuildFile; fileRef = 06DDE48F2965EF5A0016B3B3 /* H4XOR_NewsApp.swift */; };
		06DDE4922965EF5A0016B3B3 /* ContentView.swift in Sources */ = {isa = PBXBuildFile; fileRef = 06DDE4912965EF5A0016B3B3 /* ContentView.swift */; };
		06DDE4942965EF5D0016B3B3 /* Assets.xcassets in Resources */ = {isa = PBXBuildFile; fileRef = 06DDE4932965EF5D0016B3B3 /* Assets.xcassets */; };
		06DDE4972965EF5D0016B3B3 /* Preview Assets.xcassets in Resources */ = {isa = PBXBuildFile; fileRef = 06DDE4962965EF5D0016B3B3 /* Preview Assets.xcassets */; };
		06DDE4A12965EF5D0016B3B3 /* H4XOR_NewsTests.swift in Sources */ = {isa = PBXBuildFile; fileRef = 06DDE4A02965EF5D0016B3B3 /* H4XOR_NewsTests.swift */; };
		06DDE4AB2965EF5D0016B3B3 /* H4XOR_NewsUITests.swift in Sources */ = {isa = PBXBuildFile; fileRef = 06DDE4AA2965EF5D0016B3B3 /* H4XOR_NewsUITests.swift */; };
		06DDE4AD2965EF5D0016B3B3 /* H4XOR_NewsUITestsLaunchTests.swift in Sources */ = {isa = PBXBuildFile; fileRef = 06DDE4AC2965EF5D0016B3B3 /* H4XOR_NewsUITestsLaunchTests.swift */; };
		06DDE4BB2965F22C0016B3B3 /* NetworkManager.swift in Sources */ = {isa = PBXBuildFile; fileRef = 06DDE4BA2965F22C0016B3B3 /* NetworkManager.swift */; };
		06DDE4BD2965F34B0016B3B3 /* PostData.swift in Sources */ = {isa = PBXBuildFile; fileRef = 06DDE4BC2965F34B0016B3B3 /* PostData.swift */; };
		06DDE4C0296603160016B3B3 /* DetailView.swift in Sources */ = {isa = PBXBuildFile; fileRef = 06DDE4BF296603160016B3B3 /* DetailView.swift */; };
		06DDE4C22966065D0016B3B3 /* WebView.swift in Sources */ = {isa = PBXBuildFile; fileRef = 06DDE4C12966065D0016B3B3 /* WebView.swift */; };
/* End PBXBuildFile section */

/* Begin PBXContainerItemProxy section */
		06DDE49D2965EF5D0016B3B3 /* PBXContainerItemProxy */ = {
			isa = PBXContainerItemProxy;
			containerPortal = 06DDE4842965EF5A0016B3B3 /* Project object */;
			proxyType = 1;
			remoteGlobalIDString = 06DDE48B2965EF5A0016B3B3;
			remoteInfo = "H4XOR News";
		};
		06DDE4A72965EF5D0016B3B3 /* PBXContainerItemProxy */ = {
			isa = PBXContainerItemProxy;
			containerPortal = 06DDE4842965EF5A0016B3B3 /* Project object */;
			proxyType = 1;
			remoteGlobalIDString = 06DDE48B2965EF5A0016B3B3;
			remoteInfo = "H4XOR News";
		};
/* End PBXContainerItemProxy section */

/* Begin PBXFileReference section */
		06DDE48C2965EF5A0016B3B3 /* H4XOR News.app */ = {isa = PBXFileReference; explicitFileType = wrapper.application; includeInIndex = 0; path = "H4XOR News.app"; sourceTree = BUILT_PRODUCTS_DIR; };
		06DDE48F2965EF5A0016B3B3 /* H4XOR_NewsApp.swift */ = {isa = PBXFileReference; lastKnownFileType = sourcecode.swift; path = H4XOR_NewsApp.swift; sourceTree = "<group>"; };
		06DDE4912965EF5A0016B3B3 /* ContentView.swift */ = {isa = PBXFileReference; lastKnownFileType = sourcecode.swift; path = ContentView.swift; sourceTree = "<group>"; };
		06DDE4932965EF5D0016B3B3 /* Assets.xcassets */ = {isa = PBXFileReference; lastKnownFileType = folder.assetcatalog; path = Assets.xcassets; sourceTree = "<group>"; };
		06DDE4962965EF5D0016B3B3 /* Preview Assets.xcassets */ = {isa = PBXFileReference; lastKnownFileType = folder.assetcatalog; path = "Preview Assets.xcassets"; sourceTree = "<group>"; };
		06DDE49C2965EF5D0016B3B3 /* H4XOR NewsTests.xctest */ = {isa = PBXFileReference; explicitFileType = wrapper.cfbundle; includeInIndex = 0; path = "H4XOR NewsTests.xctest"; sourceTree = BUILT_PRODUCTS_DIR; };
		06DDE4A02965EF5D0016B3B3 /* H4XOR_NewsTests.swift */ = {isa = PBXFileReference; lastKnownFileType = sourcecode.swift; path = H4XOR_NewsTests.swift; sourceTree = "<group>"; };
		06DDE4A62965EF5D0016B3B3 /* H4XOR NewsUITests.xctest */ = {isa = PBXFileReference; explicitFileType = wrapper.cfbundle; includeInIndex = 0; path = "H4XOR NewsUITests.xctest"; sourceTree = BUILT_PRODUCTS_DIR; };
		06DDE4AA2965EF5D0016B3B3 /* H4XOR_NewsUITests.swift */ = {isa = PBXFileReference; lastKnownFileType = sourcecode.swift; path = H4XOR_NewsUITests.swift; sourceTree = "<group>"; };
		06DDE4AC2965EF5D0016B3B3 /* H4XOR_NewsUITestsLaunchTests.swift */ = {isa = PBXFileReference; lastKnownFileType = sourcecode.swift; path = H4XOR_NewsUITestsLaunchTests.swift; sourceTree = "<group>"; };
		06DDE4BA2965F22C0016B3B3 /* NetworkManager.swift */ = {isa = PBXFileReference; lastKnownFileType = sourcecode.swift; path = NetworkManager.swift; sourceTree = "<group>"; };
		06DDE4BC2965F34B0016B3B3 /* PostData.swift */ = {isa = PBXFileReference; lastKnownFileType = sourcecode.swift; path = PostData.swift; sourceTree = "<group>"; };
		06DDE4BF296603160016B3B3 /* DetailView.swift */ = {isa = PBXFileReference; lastKnownFileType = sourcecode.swift; path = DetailView.swift; sourceTree = "<group>"; };
		06DDE4C12966065D0016B3B3 /* WebView.swift */ = {isa = PBXFileReference; lastKnownFileType = sourcecode.swift; path = WebView.swift; sourceTree = "<group>"; };
		06DDE4C3296610250016B3B3 /* H4XOR News.entitlements */ = {isa = PBXFileReference; lastKnownFileType = text.plist.entitlements; path = "H4XOR News.entitlements"; sourceTree = "<group>"; };
/* End PBXFileReference section */

/* Begin PBXFrameworksBuildPhase section */
		06DDE4892965EF5A0016B3B3 /* Frameworks */ = {
			isa = PBXFrameworksBuildPhase;
			buildActionMask = 2147483647;
			files = (
			);
			runOnlyForDeploymentPostprocessing = 0;
		};
		06DDE4992965EF5D0016B3B3 /* Frameworks */ = {
			isa = PBXFrameworksBuildPhase;
			buildActionMask = 2147483647;
			files = (
			);
			runOnlyForDeploymentPostprocessing = 0;
		};
		06DDE4A32965EF5D0016B3B3 /* Frameworks */ = {
			isa = PBXFrameworksBuildPhase;
			buildActionMask = 2147483647;
			files = (
			);
			runOnlyForDeploymentPostprocessing = 0;
		};
/* End PBXFrameworksBuildPhase section */

/* Begin PBXGroup section */
		06DDE4832965EF5A0016B3B3 = {
			isa = PBXGroup;
			children = (
				06DDE48E2965EF5A0016B3B3 /* H4XOR News */,
				06DDE49F2965EF5D0016B3B3 /* H4XOR NewsTests */,
				06DDE4A92965EF5D0016B3B3 /* H4XOR NewsUITests */,
				06DDE48D2965EF5A0016B3B3 /* Products */,
			);
			sourceTree = "<group>";
		};
		06DDE48D2965EF5A0016B3B3 /* Products */ = {
			isa = PBXGroup;
			children = (
				06DDE48C2965EF5A0016B3B3 /* H4XOR News.app */,
				06DDE49C2965EF5D0016B3B3 /* H4XOR NewsTests.xctest */,
				06DDE4A62965EF5D0016B3B3 /* H4XOR NewsUITests.xctest */,
			);
			name = Products;
			sourceTree = "<group>";
		};
		06DDE48E2965EF5A0016B3B3 /* H4XOR News */ = {
			isa = PBXGroup;
			children = (
				06DDE4C3296610250016B3B3 /* H4XOR News.entitlements */,
				06DDE48F2965EF5A0016B3B3 /* H4XOR_NewsApp.swift */,
				06DDE4BE296602F80016B3B3 /* Views */,
				06DDE4B92965F2060016B3B3 /* Models */,
				06DDE4932965EF5D0016B3B3 /* Assets.xcassets */,
				06DDE4952965EF5D0016B3B3 /* Preview Content */,
			);
			path = "H4XOR News";
			sourceTree = "<group>";
		};
		06DDE4952965EF5D0016B3B3 /* Preview Content */ = {
			isa = PBXGroup;
			children = (
				06DDE4962965EF5D0016B3B3 /* Preview Assets.xcassets */,
			);
			path = "Preview Content";
			sourceTree = "<group>";
		};
		06DDE49F2965EF5D0016B3B3 /* H4XOR NewsTests */ = {
			isa = PBXGroup;
			children = (
				06DDE4A02965EF5D0016B3B3 /* H4XOR_NewsTests.swift */,
			);
			path = "H4XOR NewsTests";
			sourceTree = "<group>";
		};
		06DDE4A92965EF5D0016B3B3 /* H4XOR NewsUITests */ = {
			isa = PBXGroup;
			children = (
				06DDE4AA2965EF5D0016B3B3 /* H4XOR_NewsUITests.swift */,
				06DDE4AC2965EF5D0016B3B3 /* H4XOR_NewsUITestsLaunchTests.swift */,
			);
			path = "H4XOR NewsUITests";
			sourceTree = "<group>";
		};
		06DDE4B92965F2060016B3B3 /* Models */ = {
			isa = PBXGroup;
			children = (
				06DDE4BA2965F22C0016B3B3 /* NetworkManager.swift */,
				06DDE4BC2965F34B0016B3B3 /* PostData.swift */,
			);
			path = Models;
			sourceTree = "<group>";
		};
		06DDE4BE296602F80016B3B3 /* Views */ = {
			isa = PBXGroup;
			children = (
				06DDE4912965EF5A0016B3B3 /* ContentView.swift */,
				06DDE4BF296603160016B3B3 /* DetailView.swift */,
				06DDE4C12966065D0016B3B3 /* WebView.swift */,
			);
			path = Views;
			sourceTree = "<group>";
		};
/* End PBXGroup section */

/* Begin PBXNativeTarget section */
		06DDE48B2965EF5A0016B3B3 /* H4XOR News */ = {
			isa = PBXNativeTarget;
			buildConfigurationList = 06DDE4B02965EF5D0016B3B3 /* Build configuration list for PBXNativeTarget "H4XOR News" */;
			buildPhases = (
				06DDE4882965EF5A0016B3B3 /* Sources */,
				06DDE4892965EF5A0016B3B3 /* Frameworks */,
				06DDE48A2965EF5A0016B3B3 /* Resources */,
			);
			buildRules = (
			);
			dependencies = (
			);
			name = "H4XOR News";
			productName = "H4XOR News";
			productReference = 06DDE48C2965EF5A0016B3B3 /* H4XOR News.app */;
			productType = "com.apple.product-type.application";
		};
		06DDE49B2965EF5D0016B3B3 /* H4XOR NewsTests */ = {
			isa = PBXNativeTarget;
			buildConfigurationList = 06DDE4B32965EF5D0016B3B3 /* Build configuration list for PBXNativeTarget "H4XOR NewsTests" */;
			buildPhases = (
				06DDE4982965EF5D0016B3B3 /* Sources */,
				06DDE4992965EF5D0016B3B3 /* Frameworks */,
				06DDE49A2965EF5D0016B3B3 /* Resources */,
			);
			buildRules = (
			);
			dependencies = (
				06DDE49E2965EF5D0016B3B3 /* PBXTargetDependency */,
			);
			name = "H4XOR NewsTests";
			productName = "H4XOR NewsTests";
			productReference = 06DDE49C2965EF5D0016B3B3 /* H4XOR NewsTests.xctest */;
			productType = "com.apple.product-type.bundle.unit-test";
		};
		06DDE4A52965EF5D0016B3B3 /* H4XOR NewsUITests */ = {
			isa = PBXNativeTarget;
			buildConfigurationList = 06DDE4B62965EF5D0016B3B3 /* Build configuration list for PBXNativeTarget "H4XOR NewsUITests" */;
			buildPhases = (
				06DDE4A22965EF5D0016B3B3 /* Sources */,
				06DDE4A32965EF5D0016B3B3 /* Frameworks */,
				06DDE4A42965EF5D0016B3B3 /* Resources */,
			);
			buildRules = (
			);
			dependencies = (
				06DDE4A82965EF5D0016B3B3 /* PBXTargetDependency */,
			);
			name = "H4XOR NewsUITests";
			productName = "H4XOR NewsUITests";
			productReference = 06DDE4A62965EF5D0016B3B3 /* H4XOR NewsUITests.xctest */;
			productType = "com.apple.product-type.bundle.ui-testing";
		};
/* End PBXNativeTarget section */

/* Begin PBXProject section */
		06DDE4842965EF5A0016B3B3 /* Project object */ = {
			isa = PBXProject;
			attributes = {
				BuildIndependentTargetsInParallel = 1;
				LastSwiftUpdateCheck = 1420;
				LastUpgradeCheck = 1420;
				TargetAttributes = {
					06DDE48B2965EF5A0016B3B3 = {
						CreatedOnToolsVersion = 14.2;
					};
					06DDE49B2965EF5D0016B3B3 = {
						CreatedOnToolsVersion = 14.2;
						TestTargetID = 06DDE48B2965EF5A0016B3B3;
					};
					06DDE4A52965EF5D0016B3B3 = {
						CreatedOnToolsVersion = 14.2;
						TestTargetID = 06DDE48B2965EF5A0016B3B3;
					};
				};
			};
			buildConfigurationList = 06DDE4872965EF5A0016B3B3 /* Build configuration list for PBXProject "H4XOR News" */;
			compatibilityVersion = "Xcode 14.0";
			developmentRegion = en;
			hasScannedForEncodings = 0;
			knownRegions = (
				en,
				Base,
			);
			mainGroup = 06DDE4832965EF5A0016B3B3;
			productRefGroup = 06DDE48D2965EF5A0016B3B3 /* Products */;
			projectDirPath = "";
			projectRoot = "";
			targets = (
				06DDE48B2965EF5A0016B3B3 /* H4XOR News */,
				06DDE49B2965EF5D0016B3B3 /* H4XOR NewsTests */,
				06DDE4A52965EF5D0016B3B3 /* H4XOR NewsUITests */,
			);
		};
/* End PBXProject section */

/* Begin PBXResourcesBuildPhase section */
		06DDE48A2965EF5A0016B3B3 /* Resources */ = {
			isa = PBXResourcesBuildPhase;
			buildActionMask = 2147483647;
			files = (
				06DDE4972965EF5D0016B3B3 /* Preview Assets.xcassets in Resources */,
				06DDE4942965EF5D0016B3B3 /* Assets.xcassets in Resources */,
			);
			runOnlyForDeploymentPostprocessing = 0;
		};
		06DDE49A2965EF5D0016B3B3 /* Resources */ = {
			isa = PBXResourcesBuildPhase;
			buildActionMask = 2147483647;
			files = (
			);
			runOnlyForDeploymentPostprocessing = 0;
		};
		06DDE4A42965EF5D0016B3B3 /* Resources */ = {
			isa = PBXResourcesBuildPhase;
			buildActionMask = 2147483647;
			files = (
			);
			runOnlyForDeploymentPostprocessing = 0;
		};
/* End PBXResourcesBuildPhase section */

/* Begin PBXSourcesBuildPhase section */
		06DDE4882965EF5A0016B3B3 /* Sources */ = {
			isa = PBXSourcesBuildPhase;
			buildActionMask = 2147483647;
			files = (
				06DDE4BB2965F22C0016B3B3 /* NetworkManager.swift in Sources */,
				06DDE4BD2965F34B0016B3B3 /* PostData.swift in Sources */,
				06DDE4922965EF5A0016B3B3 /* ContentView.swift in Sources */,
				06DDE4C22966065D0016B3B3 /* WebView.swift in Sources */,
				06DDE4C0296603160016B3B3 /* DetailView.swift in Sources */,
				06DDE4902965EF5A0016B3B3 /* H4XOR_NewsApp.swift in Sources */,
			);
			runOnlyForDeploymentPostprocessing = 0;
		};
		06DDE4982965EF5D0016B3B3 /* Sources */ = {
			isa = PBXSourcesBuildPhase;
			buildActionMask = 2147483647;
			files = (
				06DDE4A12965EF5D0016B3B3 /* H4XOR_NewsTests.swift in Sources */,
			);
			runOnlyForDeploymentPostprocessing = 0;
		};
		06DDE4A22965EF5D0016B3B3 /* Sources */ = {
			isa = PBXSourcesBuildPhase;
			buildActionMask = 2147483647;
			files = (
				06DDE4AB2965EF5D0016B3B3 /* H4XOR_NewsUITests.swift in Sources */,
				06DDE4AD2965EF5D0016B3B3 /* H4XOR_NewsUITestsLaunchTests.swift in Sources */,
			);
			runOnlyForDeploymentPostprocessing = 0;
		};
/* End PBXSourcesBuildPhase section */

/* Begin PBXTargetDependency section */
		06DDE49E2965EF5D0016B3B3 /* PBXTargetDependency */ = {
			isa = PBXTargetDependency;
			target = 06DDE48B2965EF5A0016B3B3 /* H4XOR News */;
			targetProxy = 06DDE49D2965EF5D0016B3B3 /* PBXContainerItemProxy */;
		};
		06DDE4A82965EF5D0016B3B3 /* PBXTargetDependency */ = {
			isa = PBXTargetDependency;
			target = 06DDE48B2965EF5A0016B3B3 /* H4XOR News */;
			targetProxy = 06DDE4A72965EF5D0016B3B3 /* PBXContainerItemProxy */;
		};
/* End PBXTargetDependency section */

/* Begin XCBuildConfiguration section */
		06DDE4AE2965EF5D0016B3B3 /* Debug */ = {
			isa = XCBuildConfiguration;
			buildSettings = {
				ALWAYS_SEARCH_USER_PATHS = NO;
				CLANG_ANALYZER_NONNULL = YES;
				CLANG_ANALYZER_NUMBER_OBJECT_CONVERSION = YES_AGGRESSIVE;
				CLANG_CXX_LANGUAGE_STANDARD = "gnu++20";
				CLANG_ENABLE_MODULES = YES;
				CLANG_ENABLE_OBJC_ARC = YES;
				CLANG_ENABLE_OBJC_WEAK = YES;
				CLANG_WARN_BLOCK_CAPTURE_AUTORELEASING = YES;
				CLANG_WARN_BOOL_CONVERSION = YES;
				CLANG_WARN_COMMA = YES;
				CLANG_WARN_CONSTANT_CONVERSION = YES;
				CLANG_WARN_DEPRECATED_OBJC_IMPLEMENTATIONS = YES;
				CLANG_WARN_DIRECT_OBJC_ISA_USAGE = YES_ERROR;
				CLANG_WARN_DOCUMENTATION_COMMENTS = YES;
				CLANG_WARN_EMPTY_BODY = YES;
				CLANG_WARN_ENUM_CONVERSION = YES;
				CLANG_WARN_INFINITE_RECURSION = YES;
				CLANG_WARN_INT_CONVERSION = YES;
				CLANG_WARN_NON_LITERAL_NULL_CONVERSION = YES;
				CLANG_WARN_OBJC_IMPLICIT_RETAIN_SELF = YES;
				CLANG_WARN_OBJC_LITERAL_CONVERSION = YES;
				CLANG_WARN_OBJC_ROOT_CLASS = YES_ERROR;
				CLANG_WARN_QUOTED_INCLUDE_IN_FRAMEWORK_HEADER = YES;
				CLANG_WARN_RANGE_LOOP_ANALYSIS = YES;
				CLANG_WARN_STRICT_PROTOTYPES = YES;
				CLANG_WARN_SUSPICIOUS_MOVE = YES;
				CLANG_WARN_UNGUARDED_AVAILABILITY = YES_AGGRESSIVE;
				CLANG_WARN_UNREACHABLE_CODE = YES;
				CLANG_WARN__DUPLICATE_METHOD_MATCH = YES;
				COPY_PHASE_STRIP = NO;
				DEBUG_INFORMATION_FORMAT = dwarf;
				ENABLE_STRICT_OBJC_MSGSEND = YES;
				ENABLE_TESTABILITY = YES;
				GCC_C_LANGUAGE_STANDARD = gnu11;
				GCC_DYNAMIC_NO_PIC = NO;
				GCC_NO_COMMON_BLOCKS = YES;
				GCC_OPTIMIZATION_LEVEL = 0;
				GCC_PREPROCESSOR_DEFINITIONS = (
					"DEBUG=1",
					"$(inherited)",
				);
				GCC_WARN_64_TO_32_BIT_CONVERSION = YES;
				GCC_WARN_ABOUT_RETURN_TYPE = YES_ERROR;
				GCC_WARN_UNDECLARED_SELECTOR = YES;
				GCC_WARN_UNINITIALIZED_AUTOS = YES_AGGRESSIVE;
				GCC_WARN_UNUSED_FUNCTION = YES;
				GCC_WARN_UNUSED_VARIABLE = YES;
				IPHONEOS_DEPLOYMENT_TARGET = 16.2;
				MTL_ENABLE_DEBUG_INFO = INCLUDE_SOURCE;
				MTL_FAST_MATH = YES;
				ONLY_ACTIVE_ARCH = YES;
				SDKROOT = iphoneos;
				SWIFT_ACTIVE_COMPILATION_CONDITIONS = DEBUG;
				SWIFT_OPTIMIZATION_LEVEL = "-Onone";
			};
			name = Debug;
		};
		06DDE4AF2965EF5D0016B3B3 /* Release */ = {
			isa = XCBuildConfiguration;
			buildSettings = {
				ALWAYS_SEARCH_USER_PATHS = NO;
				CLANG_ANALYZER_NONNULL = YES;
				CLANG_ANALYZER_NUMBER_OBJECT_CONVERSION = YES_AGGRESSIVE;
				CLANG_CXX_LANGUAGE_STANDARD = "gnu++20";
				CLANG_ENABLE_MODULES = YES;
				CLANG_ENABLE_OBJC_ARC = YES;
				CLANG_ENABLE_OBJC_WEAK = YES;
				CLANG_WARN_BLOCK_CAPTURE_AUTORELEASING = YES;
				CLANG_WARN_BOOL_CONVERSION = YES;
				CLANG_WARN_COMMA = YES;
				CLANG_WARN_CONSTANT_CONVERSION = YES;
				CLANG_WARN_DEPRECATED_OBJC_IMPLEMENTATIONS = YES;
				CLANG_WARN_DIRECT_OBJC_ISA_USAGE = YES_ERROR;
				CLANG_WARN_DOCUMENTATION_COMMENTS = YES;
				CLANG_WARN_EMPTY_BODY = YES;
				CLANG_WARN_ENUM_CONVERSION = YES;
				CLANG_WARN_INFINITE_RECURSION = YES;
				CLANG_WARN_INT_CONVERSION = YES;
				CLANG_WARN_NON_LITERAL_NULL_CONVERSION = YES;
				CLANG_WARN_OBJC_IMPLICIT_RETAIN_SELF = YES;
				CLANG_WARN_OBJC_LITERAL_CONVERSION = YES;
				CLANG_WARN_OBJC_ROOT_CLASS = YES_ERROR;
				CLANG_WARN_QUOTED_INCLUDE_IN_FRAMEWORK_HEADER = YES;
				CLANG_WARN_RANGE_LOOP_ANALYSIS = YES;
				CLANG_WARN_STRICT_PROTOTYPES = YES;
				CLANG_WARN_SUSPICIOUS_MOVE = YES;
				CLANG_WARN_UNGUARDED_AVAILABILITY = YES_AGGRESSIVE;
				CLANG_WARN_UNREACHABLE_CODE = YES;
				CLANG_WARN__DUPLICATE_METHOD_MATCH = YES;
				COPY_PHASE_STRIP = NO;
				DEBUG_INFORMATION_FORMAT = "dwarf-with-dsym";
				ENABLE_NS_ASSERTIONS = NO;
				ENABLE_STRICT_OBJC_MSGSEND = YES;
				GCC_C_LANGUAGE_STANDARD = gnu11;
				GCC_NO_COMMON_BLOCKS = YES;
				GCC_WARN_64_TO_32_BIT_CONVERSION = YES;
				GCC_WARN_ABOUT_RETURN_TYPE = YES_ERROR;
				GCC_WARN_UNDECLARED_SELECTOR = YES;
				GCC_WARN_UNINITIALIZED_AUTOS = YES_AGGRESSIVE;
				GCC_WARN_UNUSED_FUNCTION = YES;
				GCC_WARN_UNUSED_VARIABLE = YES;
				IPHONEOS_DEPLOYMENT_TARGET = 16.2;
				MTL_ENABLE_DEBUG_INFO = NO;
				MTL_FAST_MATH = YES;
				SDKROOT = iphoneos;
				SWIFT_COMPILATION_MODE = wholemodule;
				SWIFT_OPTIMIZATION_LEVEL = "-O";
				VALIDATE_PRODUCT = YES;
			};
			name = Release;
		};
		06DDE4B12965EF5D0016B3B3 /* Debug */ = {
			isa = XCBuildConfiguration;
			buildSettings = {
				ASSETCATALOG_COMPILER_APPICON_NAME = AppIcon;
				ASSETCATALOG_COMPILER_GLOBAL_ACCENT_COLOR_NAME = AccentColor;
				CODE_SIGN_ENTITLEMENTS = "H4XOR News/H4XOR News.entitlements";
				CODE_SIGN_STYLE = Automatic;
				CURRENT_PROJECT_VERSION = 1;
				DEVELOPMENT_ASSET_PATHS = "\"H4XOR News/Preview Content\"";
				DEVELOPMENT_TEAM = JCJH62WBH7;
				ENABLE_PREVIEWS = YES;
				GENERATE_INFOPLIST_FILE = YES;
				INFOPLIST_KEY_UIApplicationSceneManifest_Generation = YES;
				INFOPLIST_KEY_UIApplicationSupportsIndirectInputEvents = YES;
				INFOPLIST_KEY_UILaunchScreen_Generation = YES;
				INFOPLIST_KEY_UISupportedInterfaceOrientations_iPad = "UIInterfaceOrientationPortrait UIInterfaceOrientationPortraitUpsideDown UIInterfaceOrientationLandscapeLeft UIInterfaceOrientationLandscapeRight";
				INFOPLIST_KEY_UISupportedInterfaceOrientations_iPhone = "UIInterfaceOrientationPortrait UIInterfaceOrientationLandscapeLeft UIInterfaceOrientationLandscapeRight";
				LD_RUNPATH_SEARCH_PATHS = (
					"$(inherited)",
					"@executable_path/Frameworks",
				);
				MARKETING_VERSION = 1.0;
				PRODUCT_BUNDLE_IDENTIFIER = "mallwalkers.H4XOR-News";
				PRODUCT_NAME = "$(TARGET_NAME)";
				SUPPORTED_PLATFORMS = "iphoneos iphonesimulator";
				SUPPORTS_MACCATALYST = NO;
				SUPPORTS_MAC_DESIGNED_FOR_IPHONE_IPAD = YES;
				SWIFT_EMIT_LOC_STRINGS = YES;
				SWIFT_VERSION = 5.0;
				TARGETED_DEVICE_FAMILY = "1,2";
			};
			name = Debug;
		};
		06DDE4B22965EF5D0016B3B3 /* Release */ = {
			isa = XCBuildConfiguration;
			buildSettings = {
				ASSETCATALOG_COMPILER_APPICON_NAME = AppIcon;
				ASSETCATALOG_COMPILER_GLOBAL_ACCENT_COLOR_NAME = AccentColor;
				CODE_SIGN_ENTITLEMENTS = "H4XOR News/H4XOR News.entitlements";
				CODE_SIGN_STYLE = Automatic;
				CURRENT_PROJECT_VERSION = 1;
				DEVELOPMENT_ASSET_PATHS = "\"H4XOR News/Preview Content\"";
				DEVELOPMENT_TEAM = JCJH62WBH7;
				ENABLE_PREVIEWS = YES;
				GENERATE_INFOPLIST_FILE = YES;
				INFOPLIST_KEY_UIApplicationSceneManifest_Generation = YES;
				INFOPLIST_KEY_UIApplicationSupportsIndirectInputEvents = YES;
				INFOPLIST_KEY_UILaunchScreen_Generation = YES;
				INFOPLIST_KEY_UISupportedInterfaceOrientations_iPad = "UIInterfaceOrientationPortrait UIInterfaceOrientationPortraitUpsideDown UIInterfaceOrientationLandscapeLeft UIInterfaceOrientationLandscapeRight";
				INFOPLIST_KEY_UISupportedInterfaceOrientations_iPhone = "UIInterfaceOrientationPortrait UIInterfaceOrientationLandscapeLeft UIInterfaceOrientationLandscapeRight";
				LD_RUNPATH_SEARCH_PATHS = (
					"$(inherited)",
					"@executable_path/Frameworks",
				);
				MARKETING_VERSION = 1.0;
				PRODUCT_BUNDLE_IDENTIFIER = "mallwalkers.H4XOR-News";
				PRODUCT_NAME = "$(TARGET_NAME)";
				SUPPORTED_PLATFORMS = "iphoneos iphonesimulator";
				SUPPORTS_MACCATALYST = NO;
				SUPPORTS_MAC_DESIGNED_FOR_IPHONE_IPAD = YES;
				SWIFT_EMIT_LOC_STRINGS = YES;
				SWIFT_VERSION = 5.0;
				TARGETED_DEVICE_FAMILY = "1,2";
			};
			name = Release;
		};
		06DDE4B42965EF5D0016B3B3 /* Debug */ = {
			isa = XCBuildConfiguration;
			buildSettings = {
				ALWAYS_EMBED_SWIFT_STANDARD_LIBRARIES = YES;
				BUNDLE_LOADER = "$(TEST_HOST)";
				CODE_SIGN_STYLE = Automatic;
				CURRENT_PROJECT_VERSION = 1;
				DEVELOPMENT_TEAM = JCJH62WBH7;
				GENERATE_INFOPLIST_FILE = YES;
				IPHONEOS_DEPLOYMENT_TARGET = 16.2;
				MARKETING_VERSION = 1.0;
				PRODUCT_BUNDLE_IDENTIFIER = "mallwalkers.H4XOR-NewsTests";
				PRODUCT_NAME = "$(TARGET_NAME)";
				SWIFT_EMIT_LOC_STRINGS = NO;
				SWIFT_VERSION = 5.0;
				TARGETED_DEVICE_FAMILY = "1,2";
				TEST_HOST = "$(BUILT_PRODUCTS_DIR)/H4XOR News.app/$(BUNDLE_EXECUTABLE_FOLDER_PATH)/H4XOR News";
			};
			name = Debug;
		};
		06DDE4B52965EF5D0016B3B3 /* Release */ = {
			isa = XCBuildConfiguration;
			buildSettings = {
				ALWAYS_EMBED_SWIFT_STANDARD_LIBRARIES = YES;
				BUNDLE_LOADER = "$(TEST_HOST)";
				CODE_SIGN_STYLE = Automatic;
				CURRENT_PROJECT_VERSION = 1;
				DEVELOPMENT_TEAM = JCJH62WBH7;
				GENERATE_INFOPLIST_FILE = YES;
				IPHONEOS_DEPLOYMENT_TARGET = 16.2;
				MARKETING_VERSION = 1.0;
				PRODUCT_BUNDLE_IDENTIFIER = "mallwalkers.H4XOR-NewsTests";
				PRODUCT_NAME = "$(TARGET_NAME)";
				SWIFT_EMIT_LOC_STRINGS = NO;
				SWIFT_VERSION = 5.0;
				TARGETED_DEVICE_FAMILY = "1,2";
				TEST_HOST = "$(BUILT_PRODUCTS_DIR)/H4XOR News.app/$(BUNDLE_EXECUTABLE_FOLDER_PATH)/H4XOR News";
			};
			name = Release;
		};
		06DDE4B72965EF5D0016B3B3 /* Debug */ = {
			isa = XCBuildConfiguration;
			buildSettings = {
				ALWAYS_EMBED_SWIFT_STANDARD_LIBRARIES = YES;
				CODE_SIGN_STYLE = Automatic;
				CURRENT_PROJECT_VERSION = 1;
				DEVELOPMENT_TEAM = JCJH62WBH7;
				GENERATE_INFOPLIST_FILE = YES;
				MARKETING_VERSION = 1.0;
				PRODUCT_BUNDLE_IDENTIFIER = "mallwalkers.H4XOR-NewsUITests";
				PRODUCT_NAME = "$(TARGET_NAME)";
				SWIFT_EMIT_LOC_STRINGS = NO;
				SWIFT_VERSION = 5.0;
				TARGETED_DEVICE_FAMILY = "1,2";
				TEST_TARGET_NAME = "H4XOR News";
			};
			name = Debug;
		};
		06DDE4B82965EF5D0016B3B3 /* Release */ = {
			isa = XCBuildConfiguration;
			buildSettings = {
				ALWAYS_EMBED_SWIFT_STANDARD_LIBRARIES = YES;
				CODE_SIGN_STYLE = Automatic;
				CURRENT_PROJECT_VERSION = 1;
				DEVELOPMENT_TEAM = JCJH62WBH7;
				GENERATE_INFOPLIST_FILE = YES;
				MARKETING_VERSION = 1.0;
				PRODUCT_BUNDLE_IDENTIFIER = "mallwalkers.H4XOR-NewsUITests";
				PRODUCT_NAME = "$(TARGET_NAME)";
				SWIFT_EMIT_LOC_STRINGS = NO;
				SWIFT_VERSION = 5.0;
				TARGETED_DEVICE_FAMILY = "1,2";
				TEST_TARGET_NAME = "H4XOR News";
			};
			name = Release;
		};
/* End XCBuildConfiguration section */

/* Begin XCConfigurationList section */
		06DDE4872965EF5A0016B3B3 /* Build configuration list for PBXProject "H4XOR News" */ = {
			isa = XCConfigurationList;
			buildConfigurations = (
				06DDE4AE2965EF5D0016B3B3 /* Debug */,
				06DDE4AF2965EF5D0016B3B3 /* Release */,
			);
			defaultConfigurationIsVisible = 0;
			defaultConfigurationName = Release;
		};
		06DDE4B02965EF5D0016B3B3 /* Build configuration list for PBXNativeTarget "H4XOR News" */ = {
			isa = XCConfigurationList;
			buildConfigurations = (
				06DDE4B12965EF5D0016B3B3 /* Debug */,
				06DDE4B22965EF5D0016B3B3 /* Release */,
			);
			defaultConfigurationIsVisible = 0;
			defaultConfigurationName = Release;
		};
		06DDE4B32965EF5D0016B3B3 /* Build configuration list for PBXNativeTarget "H4XOR NewsTests" */ = {
			isa = XCConfigurationList;
			buildConfigurations = (
				06DDE4B42965EF5D0016B3B3 /* Debug */,
				06DDE4B52965EF5D0016B3B3 /* Release */,
			);
			defaultConfigurationIsVisible = 0;
			defaultConfigurationName = Release;
		};
		06DDE4B62965EF5D0016B3B3 /* Build configuration list for PBXNativeTarget "H4XOR NewsUITests" */ = {
			isa = XCConfigurationList;
			buildConfigurations = (
				06DDE4B72965EF5D0016B3B3 /* Debug */,
				06DDE4B82965EF5D0016B3B3 /* Release */,
			);
			defaultConfigurationIsVisible = 0;
			defaultConfigurationName = Release;
		};
/* End XCConfigurationList section */
	};
	rootObject = 06DDE4842965EF5A0016B3B3 /* Project object */;
}
